
Microsoft Visual Studio Solution File, Format Version 12.00
# Visual Studio Version 17
VisualStudioVersion = 17.8.34316.72
MinimumVisualStudioVersion = 10.0.40219.1
Project("{FAE04EC0-301F-11D3-BF4B-00C04F79EFBC}") = "Zeitmanager", "Zeitmanager\Zeitmanager.csproj", "{CCED1E30-106C-48B4-8114-630613BC9BF3}"
EndProject
Global
	GlobalSection(SolutionConfigurationPlatforms) = preSolution
		Debug|Any CPU = Debug|Any CPU
		Release|Any CPU = Release|Any CPU
	EndGlobalSection
	GlobalSection(ProjectConfigurationPlatforms) = postSolution
		{CCED1E30-106C-48B4-8114-630613BC9BF3}.Debug|Any CPU.ActiveCfg = Debug|Any CPU
		{CCED1E30-106C-48B4-8114-630613BC9BF3}.Debug|Any CPU.Build.0 = Debug|Any CPU
		{CCED1E30-106C-48B4-8114-630613BC9BF3}.Debug|Any CPU.Deploy.0 = Debug|Any CPU
		{CCED1E30-106C-48B4-8114-630613BC9BF3}.Release|Any CPU.ActiveCfg = Release|Any CPU
		{CCED1E30-106C-48B4-8114-630613BC9BF3}.Release|Any CPU.Build.0 = Release|Any CPU
		{CCED1E30-106C-48B4-8114-630613BC9BF3}.Release|Any CPU.Deploy.0 = Release|Any CPU
	EndGlobalSection
	GlobalSection(SolutionProperties) = preSolution
		HideSolutionNode = FALSE
	EndGlobalSection
	GlobalSection(ExtensibilityGlobals) = postSolution
		SolutionGuid = {1A021F0D-81E1-4DC6-8087-0B606907D0F8}
	EndGlobalSection
EndGlobal
